
Microsoft Visual Studio Solution File, Format Version 11.00
# Visual Studio 2010
Project("{FAE04EC0-301F-11D3-BF4B-00C04F79EFBC}") = "Emie", "Emie\Emie.csproj", "{739785E2-B315-4288-88B5-F383258484FE}"
	ProjectSection(ProjectDependencies) = postProject
		{3F106919-B29B-474C-89B5-212812448E86} = {3F106919-B29B-474C-89B5-212812448E86}
	EndProjectSection
EndProject
Project("{FAE04EC0-301F-11D3-BF4B-00C04F79EFBC}") = "XlsOp", "XlsOp\XlsOp.csproj", "{3F106919-B29B-474C-89B5-212812448E86}"
EndProject
Global
	GlobalSection(SolutionConfigurationPlatforms) = preSolution
		Debug|Any CPU = Debug|Any CPU
		Debug|Mixed Platforms = Debug|Mixed Platforms
		Debug|x86 = Debug|x86
		Release|Any CPU = Release|Any CPU
		Release|Mixed Platforms = Release|Mixed Platforms
		Release|x86 = Release|x86
	EndGlobalSection
	GlobalSection(ProjectConfigurationPlatforms) = postSolution
		{739785E2-B315-4288-88B5-F383258484FE}.Debug|Any CPU.ActiveCfg = Debug|x86
		{739785E2-B315-4288-88B5-F383258484FE}.Debug|Mixed Platforms.ActiveCfg = Debug|x86
		{739785E2-B315-4288-88B5-F383258484FE}.Debug|Mixed Platforms.Build.0 = Debug|x86
		{739785E2-B315-4288-88B5-F383258484FE}.Debug|x86.ActiveCfg = Debug|x86
		{739785E2-B315-4288-88B5-F383258484FE}.Debug|x86.Build.0 = Debug|x86
		{739785E2-B315-4288-88B5-F383258484FE}.Release|Any CPU.ActiveCfg = Release|x86
		{739785E2-B315-4288-88B5-F383258484FE}.Release|Mixed Platforms.ActiveCfg = Release|x86
		{739785E2-B315-4288-88B5-F383258484FE}.Release|Mixed Platforms.Build.0 = Release|x86
		{739785E2-B315-4288-88B5-F383258484FE}.Release|x86.ActiveCfg = Release|x86
		{739785E2-B315-4288-88B5-F383258484FE}.Release|x86.Build.0 = Release|x86
		{3F106919-B29B-474C-89B5-212812448E86}.Debug|Any CPU.ActiveCfg = Debug|Any CPU
		{3F106919-B29B-474C-89B5-212812448E86}.Debug|Any CPU.Build.0 = Debug|Any CPU
		{3F106919-B29B-474C-89B5-212812448E86}.Debug|Mixed Platforms.ActiveCfg = Debug|Any CPU
		{3F106919-B29B-474C-89B5-212812448E86}.Debug|Mixed Platforms.Build.0 = Debug|Any CPU
		{3F106919-B29B-474C-89B5-212812448E86}.Debug|x86.ActiveCfg = Debug|Any CPU
		{3F106919-B29B-474C-89B5-212812448E86}.Release|Any CPU.ActiveCfg = Release|Any CPU
		{3F106919-B29B-474C-89B5-212812448E86}.Release|Any CPU.Build.0 = Release|Any CPU
		{3F106919-B29B-474C-89B5-212812448E86}.Release|Mixed Platforms.ActiveCfg = Release|Any CPU
		{3F106919-B29B-474C-89B5-212812448E86}.Release|Mixed Platforms.Build.0 = Release|Any CPU
		{3F106919-B29B-474C-89B5-212812448E86}.Release|x86.ActiveCfg = Release|Any CPU
	EndGlobalSection
	GlobalSection(SolutionProperties) = preSolution
		HideSolutionNode = FALSE
	EndGlobalSection
EndGlobal
